
Microsoft Visual Studio Solution File, Format Version 12.00
# Visual Studio Version 17
VisualStudioVersion = 17.6.33815.320
MinimumVisualStudioVersion = 10.0.40219.1
Project("{9A19103F-16F7-4668-BE54-9A1E7A4F7556}") = "RedSocial.Server", "RedSocial\Server\RedSocial.Server.csproj", "{99D3204C-0B27-41E4-A10C-8393406DD763}"
EndProject
Project("{9A19103F-16F7-4668-BE54-9A1E7A4F7556}") = "RedSocial.Client", "RedSocial\Client\RedSocial.Client.csproj", "{533BDBBC-E385-483D-B4A0-80691287DA6A}"
	ProjectSection(ProjectDependencies) = postProject
		{D663D611-8D4D-4B5A-819D-D7781526DE1B} = {D663D611-8D4D-4B5A-819D-D7781526DE1B}
	EndProjectSection
EndProject
Project("{9A19103F-16F7-4668-BE54-9A1E7A4F7556}") = "RedSocial.Shared", "RedSocial\Shared\RedSocial.Shared.csproj", "{7B30B8D9-E4B1-4E17-B9D8-55D5FF737E16}"
EndProject
Project("{9A19103F-16F7-4668-BE54-9A1E7A4F7556}") = "BDRedSocial", "BDRedSocial\BDRedSocial.csproj", "{D663D611-8D4D-4B5A-819D-D7781526DE1B}"
EndProject
Global
	GlobalSection(SolutionConfigurationPlatforms) = preSolution
		Debug|Any CPU = Debug|Any CPU
		Release|Any CPU = Release|Any CPU
	EndGlobalSection
	GlobalSection(ProjectConfigurationPlatforms) = postSolution
		{99D3204C-0B27-41E4-A10C-8393406DD763}.Debug|Any CPU.ActiveCfg = Debug|Any CPU
		{99D3204C-0B27-41E4-A10C-8393406DD763}.Debug|Any CPU.Build.0 = Debug|Any CPU
		{99D3204C-0B27-41E4-A10C-8393406DD763}.Release|Any CPU.ActiveCfg = Release|Any CPU
		{99D3204C-0B27-41E4-A10C-8393406DD763}.Release|Any CPU.Build.0 = Release|Any CPU
		{533BDBBC-E385-483D-B4A0-80691287DA6A}.Debug|Any CPU.ActiveCfg = Debug|Any CPU
		{533BDBBC-E385-483D-B4A0-80691287DA6A}.Debug|Any CPU.Build.0 = Debug|Any CPU
		{533BDBBC-E385-483D-B4A0-80691287DA6A}.Release|Any CPU.ActiveCfg = Release|Any CPU
		{533BDBBC-E385-483D-B4A0-80691287DA6A}.Release|Any CPU.Build.0 = Release|Any CPU
		{7B30B8D9-E4B1-4E17-B9D8-55D5FF737E16}.Debug|Any CPU.ActiveCfg = Debug|Any CPU
		{7B30B8D9-E4B1-4E17-B9D8-55D5FF737E16}.Debug|Any CPU.Build.0 = Debug|Any CPU
		{7B30B8D9-E4B1-4E17-B9D8-55D5FF737E16}.Release|Any CPU.ActiveCfg = Release|Any CPU
		{7B30B8D9-E4B1-4E17-B9D8-55D5FF737E16}.Release|Any CPU.Build.0 = Release|Any CPU
		{D663D611-8D4D-4B5A-819D-D7781526DE1B}.Debug|Any CPU.ActiveCfg = Debug|Any CPU
		{D663D611-8D4D-4B5A-819D-D7781526DE1B}.Debug|Any CPU.Build.0 = Debug|Any CPU
		{D663D611-8D4D-4B5A-819D-D7781526DE1B}.Release|Any CPU.ActiveCfg = Release|Any CPU
		{D663D611-8D4D-4B5A-819D-D7781526DE1B}.Release|Any CPU.Build.0 = Release|Any CPU
	EndGlobalSection
	GlobalSection(SolutionProperties) = preSolution
		HideSolutionNode = FALSE
	EndGlobalSection
	GlobalSection(ExtensibilityGlobals) = postSolution
		SolutionGuid = {936CAFE5-AE0F-4F54-86CC-5BC835998542}
	EndGlobalSection
EndGlobal
